
Microsoft Visual Studio Solution File, Format Version 12.00
# Visual Studio Version 17
VisualStudioVersion = 17.4.33213.308
MinimumVisualStudioVersion = 10.0.40219.1
Project("{FAE04EC0-301F-11D3-BF4B-00C04F79EFBC}") = "Code Execution", "Code Execution.csproj", "{71072358-9F80-4DEF-8A18-C71FCBA72526}"
EndProject
Global
	GlobalSection(SolutionConfigurationPlatforms) = preSolution
		Debug|Any CPU = Debug|Any CPU
		Release|Any CPU = Release|Any CPU
	EndGlobalSection
	GlobalSection(ProjectConfigurationPlatforms) = postSolution
		{71072358-9F80-4DEF-8A18-C71FCBA72526}.Debug|Any CPU.ActiveCfg = Debug|Any CPU
		{71072358-9F80-4DEF-8A18-C71FCBA72526}.Debug|Any CPU.Build.0 = Debug|Any CPU
		{71072358-9F80-4DEF-8A18-C71FCBA72526}.Release|Any CPU.ActiveCfg = Release|Any CPU
		{71072358-9F80-4DEF-8A18-C71FCBA72526}.Release|Any CPU.Build.0 = Release|Any CPU
	EndGlobalSection
	GlobalSection(SolutionProperties) = preSolution
		HideSolutionNode = FALSE
	EndGlobalSection
	GlobalSection(ExtensibilityGlobals) = postSolution
		SolutionGuid = {972968B6-48FF-488A-BEF2-A18E7D49FA0C}
	EndGlobalSection
EndGlobal
